
Microsoft Visual Studio Solution File, Format Version 12.00
# Visual Studio Version 17
VisualStudioVersion = 17.7.34031.279
MinimumVisualStudioVersion = 10.0.40219.1
Project("{FAE04EC0-301F-11D3-BF4B-00C04F79EFBC}") = "BacBo", "BacBo.csproj", "{F570B365-D41B-4FE6-9AEB-F90FF12BA714}"
EndProject
Global
	GlobalSection(SolutionConfigurationPlatforms) = preSolution
		Debug|Any CPU = Debug|Any CPU
		Release|Any CPU = Release|Any CPU
	EndGlobalSection
	GlobalSection(ProjectConfigurationPlatforms) = postSolution
		{F570B365-D41B-4FE6-9AEB-F90FF12BA714}.Debug|Any CPU.ActiveCfg = Debug|Any CPU
		{F570B365-D41B-4FE6-9AEB-F90FF12BA714}.Debug|Any CPU.Build.0 = Debug|Any CPU
		{F570B365-D41B-4FE6-9AEB-F90FF12BA714}.Release|Any CPU.ActiveCfg = Release|Any CPU
		{F570B365-D41B-4FE6-9AEB-F90FF12BA714}.Release|Any CPU.Build.0 = Release|Any CPU
	EndGlobalSection
	GlobalSection(SolutionProperties) = preSolution
		HideSolutionNode = FALSE
	EndGlobalSection
	GlobalSection(ExtensibilityGlobals) = postSolution
		SolutionGuid = {5DC1CBC4-A5B1-4E4E-AD5B-417080909239}
	EndGlobalSection
EndGlobal
